
Microsoft Visual Studio Solution File, Format Version 12.00
# Visual Studio Version 17
VisualStudioVersion = 17.0.32112.339
MinimumVisualStudioVersion = 10.0.40219.1
Project("{9A19103F-16F7-4668-BE54-9A1E7A4F7556}") = "SDBlog.Api", "SDBlog.Api\SDBlog.Api.csproj", "{B7A431CD-4B36-4FCF-BA23-EA7890A4D3ED}"
EndProject
Project("{9A19103F-16F7-4668-BE54-9A1E7A4F7556}") = "SDBlog.BusinessLayer", "SDBlog.BusinessLayer\SDBlog.BusinessLayer.csproj", "{9F74214B-4D38-41A4-9D7D-05541479CBDC}"
EndProject
Project("{9A19103F-16F7-4668-BE54-9A1E7A4F7556}") = "SDBlog.Core", "SDBlog.Core\SDBlog.Core.csproj", "{4255AB1D-89C1-4DEB-B49A-B660BA4B65BA}"
EndProject
Project("{9A19103F-16F7-4668-BE54-9A1E7A4F7556}") = "SDBlog.DataModel", "SDBlog.DataModel\SDBlog.DataModel.csproj", "{15895B89-C11E-4AB5-9148-893B408CF899}"
EndProject
Project("{9A19103F-16F7-4668-BE54-9A1E7A4F7556}") = "SDBlog.Services", "SDBlog.Services\SDBlog.Services.csproj", "{096B7575-4D24-4483-B798-61721EAB3D6F}"
EndProject
Project("{9A19103F-16F7-4668-BE54-9A1E7A4F7556}") = "SDBlog.Testing", "SDBlog.Testing\SDBlog.Testing.csproj", "{DB72CCA8-C2F3-4E99-87CB-73652B771595}"
EndProject
Global
	GlobalSection(SolutionConfigurationPlatforms) = preSolution
		Debug|Any CPU = Debug|Any CPU
		Release|Any CPU = Release|Any CPU
	EndGlobalSection
	GlobalSection(ProjectConfigurationPlatforms) = postSolution
		{B7A431CD-4B36-4FCF-BA23-EA7890A4D3ED}.Debug|Any CPU.ActiveCfg = Debug|Any CPU
		{B7A431CD-4B36-4FCF-BA23-EA7890A4D3ED}.Debug|Any CPU.Build.0 = Debug|Any CPU
		{B7A431CD-4B36-4FCF-BA23-EA7890A4D3ED}.Release|Any CPU.ActiveCfg = Release|Any CPU
		{B7A431CD-4B36-4FCF-BA23-EA7890A4D3ED}.Release|Any CPU.Build.0 = Release|Any CPU
		{9F74214B-4D38-41A4-9D7D-05541479CBDC}.Debug|Any CPU.ActiveCfg = Debug|Any CPU
		{9F74214B-4D38-41A4-9D7D-05541479CBDC}.Debug|Any CPU.Build.0 = Debug|Any CPU
		{9F74214B-4D38-41A4-9D7D-05541479CBDC}.Release|Any CPU.ActiveCfg = Release|Any CPU
		{9F74214B-4D38-41A4-9D7D-05541479CBDC}.Release|Any CPU.Build.0 = Release|Any CPU
		{4255AB1D-89C1-4DEB-B49A-B660BA4B65BA}.Debug|Any CPU.ActiveCfg = Debug|Any CPU
		{4255AB1D-89C1-4DEB-B49A-B660BA4B65BA}.Debug|Any CPU.Build.0 = Debug|Any CPU
		{4255AB1D-89C1-4DEB-B49A-B660BA4B65BA}.Release|Any CPU.ActiveCfg = Release|Any CPU
		{4255AB1D-89C1-4DEB-B49A-B660BA4B65BA}.Release|Any CPU.Build.0 = Release|Any CPU
		{15895B89-C11E-4AB5-9148-893B408CF899}.Debug|Any CPU.ActiveCfg = Debug|Any CPU
		{15895B89-C11E-4AB5-9148-893B408CF899}.Debug|Any CPU.Build.0 = Debug|Any CPU
		{15895B89-C11E-4AB5-9148-893B408CF899}.Release|Any CPU.ActiveCfg = Release|Any CPU
		{15895B89-C11E-4AB5-9148-893B408CF899}.Release|Any CPU.Build.0 = Release|Any CPU
		{096B7575-4D24-4483-B798-61721EAB3D6F}.Debug|Any CPU.ActiveCfg = Debug|Any CPU
		{096B7575-4D24-4483-B798-61721EAB3D6F}.Debug|Any CPU.Build.0 = Debug|Any CPU
		{096B7575-4D24-4483-B798-61721EAB3D6F}.Release|Any CPU.ActiveCfg = Release|Any CPU
		{096B7575-4D24-4483-B798-61721EAB3D6F}.Release|Any CPU.Build.0 = Release|Any CPU
		{DB72CCA8-C2F3-4E99-87CB-73652B771595}.Debug|Any CPU.ActiveCfg = Debug|Any CPU
		{DB72CCA8-C2F3-4E99-87CB-73652B771595}.Debug|Any CPU.Build.0 = Debug|Any CPU
		{DB72CCA8-C2F3-4E99-87CB-73652B771595}.Release|Any CPU.ActiveCfg = Release|Any CPU
		{DB72CCA8-C2F3-4E99-87CB-73652B771595}.Release|Any CPU.Build.0 = Release|Any CPU
	EndGlobalSection
	GlobalSection(SolutionProperties) = preSolution
		HideSolutionNode = FALSE
	EndGlobalSection
	GlobalSection(ExtensibilityGlobals) = postSolution
		SolutionGuid = {32BED718-BBB2-4191-BF1B-F1EE5B344052}
	EndGlobalSection
EndGlobal
